{
  "lockfileVersion": 1,
  "configVersion": 1,
  "workspaces": {
    "": {
      "name": "@openpr/collab-loro-spike",
      "dependencies": {
        "@sylvode/collab-shared": "file:../collab-shared",
        "loro-crdt": "1.14.1",
        "loro-prosemirror": "0.4.3",
        "prosemirror-model": "1.25.11",
        "prosemirror-state": "1.4.4",
        "prosemirror-view": "1.42.2",
      },
      "devDependencies": {
        "typescript": "5.9.3",
      },
    },
  },
  "packages": {
    "@sylvode/collab-shared": ["@sylvode/collab-shared@file:../collab-shared", { "devDependencies": { "@types/node": "26.4.0", "typescript": "5.9.3" } }],

    "@types/node": ["@types/node@26.4.0", "", { "dependencies": { "undici-types": "~8.3.0" } }, "sha512-faiGnoIrLH/V8cibOMEAZ8pMw6oXqSukl29ra4mN8GdaB2ZewzeaLj+INpV5N+Z1eKWzY+IzaIZH2EIR6YZRNQ=="],

    "isomorphic.js": ["isomorphic.js@0.2.5", "", {}, "sha512-PIeMbHqMt4DnUP3MA/Flc0HElYjMXArsw1qwJZcm9sqR8mq3l8NYizFMty0pWwE/tzIGH3EKK5+jes5mAr85yw=="],

    "lib0": ["lib0@0.2.117", "", { "dependencies": { "isomorphic.js": "^0.2.4" }, "bin": { "0serve": "bin/0serve.js", "0gentesthtml": "bin/gentesthtml.js", "0ecdsa-generate-keypair": "bin/0ecdsa-generate-keypair.js" } }, "sha512-DeXj9X5xDCjgKLU/7RR+/HQEVzuuEUiwldwOGsHK/sfAfELGWEyTcf0x+uOvCvK3O2zPmZePXWL85vtia6GyZw=="],

    "loro-crdt": ["loro-crdt@1.14.1", "", {}, "sha512-1BQ7neoQeJdCbD8gxlLHsy8tqCLYIJGrXSZic4s3t7toIsiFfks8Z0nGWvuEWr5miZ7giJx19x5ffkBaw+g9KQ=="],

    "loro-prosemirror": ["loro-prosemirror@0.4.3", "", { "dependencies": { "lib0": "^0.2.42", "prosemirror-model": "^1.18.1", "prosemirror-state": "^1.4.1", "prosemirror-view": "^1.28.0" }, "peerDependencies": { "loro-crdt": "^1.10.2" } }, "sha512-stAWIWs54LfXx0mvCzXF02XpEv9AKgrhSBPt44eT4SsrBEWZaq0jTFuzs8EyBmipBBcuC2ooRRX4NQjwSeQl9Q=="],

    "orderedmap": ["orderedmap@2.1.1", "", {}, "sha512-TvAWxi0nDe1j/rtMcWcIj94+Ffe6n7zhow33h40SKxmsmozs6dz/e+EajymfoFcHd7sxNn8yHM8839uixMOV6g=="],

    "prosemirror-model": ["prosemirror-model@1.25.11", "", { "dependencies": { "orderedmap": "^2.0.0" } }, "sha512-QWg9RhnpLlogAmp3p96uEFrE5txQpFynd4vhBAELkwgOCWQs/X0yCzB3/hrHqiPwf91RG5KyWq6553zs9JqIOQ=="],

    "prosemirror-state": ["prosemirror-state@1.4.4", "", { "dependencies": { "prosemirror-model": "^1.0.0", "prosemirror-transform": "^1.0.0", "prosemirror-view": "^1.27.0" } }, "sha512-6jiYHH2CIGbCfnxdHbXZ12gySFY/fz/ulZE333G6bPqIZ4F+TXo9ifiR86nAHpWnfoNjOb3o5ESi7J8Uz1jXHw=="],

    "prosemirror-transform": ["prosemirror-transform@1.12.0", "", { "dependencies": { "prosemirror-model": "^1.21.0" } }, "sha512-GxboyN4AMIsoHNtz5uf2r2Ru551i5hWeCMD6E2Ib4Eogqoub0NflniaBPVQ4MrGE5yZ8JV9tUHg9qcZTTrcN4w=="],

    "prosemirror-view": ["prosemirror-view@1.42.2", "", { "dependencies": { "prosemirror-model": "^1.25.8", "prosemirror-state": "^1.0.0", "prosemirror-transform": "^1.1.0" } }, "sha512-Pdg0l5kXm8aLDquFAnQFTCITg0q44sLqBlHlpsVLD9segdOao8TOfQdAhCrCXyVgPSRr6UDDROOIWA3bIrN9YQ=="],

    "typescript": ["typescript@5.9.3", "", { "bin": { "tsc": "bin/tsc", "tsserver": "bin/tsserver" } }, "sha512-jl1vZzPDinLr9eUt3J/t7V6FgNEw9QjvBPdysz9KfQDD41fQrC2Y4vKQdiaUpFT4bXlb1RHhLpp8wtm6M5TgSw=="],

    "undici-types": ["undici-types@8.3.0", "", {}, "sha512-j375ScV60dom+YkPFIfTLcOiPxkN/buHz5GobjLhixFuANaNs3C9l4GmrWqejgXWJ7BbJcFYpTEUkS1Ge8bpZQ=="],
  }
}
